
Microsoft Visual Studio Solution File, Format Version 12.00
# Visual Studio Version 17
VisualStudioVersion = 17.14.36203.30 d17.14
MinimumVisualStudioVersion = 10.0.40219.1
Project("{FAE04EC0-301F-11D3-BF4B-00C04F79EFBC}") = "ECommerceAPI", "ECommerceAPI\ECommerceAPI.csproj", "{FC04AC57-77EC-4BEB-BF8D-66333CF79977}"
EndProject
Global
	GlobalSection(SolutionConfigurationPlatforms) = preSolution
		Debug|Any CPU = Debug|Any CPU
		Release|Any CPU = Release|Any CPU
	EndGlobalSection
	GlobalSection(ProjectConfigurationPlatforms) = postSolution
		{FC04AC57-77EC-4BEB-BF8D-66333CF79977}.Debug|Any CPU.ActiveCfg = Debug|Any CPU
		{FC04AC57-77EC-4BEB-BF8D-66333CF79977}.Debug|Any CPU.Build.0 = Debug|Any CPU
		{FC04AC57-77EC-4BEB-BF8D-66333CF79977}.Release|Any CPU.ActiveCfg = Release|Any CPU
		{FC04AC57-77EC-4BEB-BF8D-66333CF79977}.Release|Any CPU.Build.0 = Release|Any CPU
	EndGlobalSection
	GlobalSection(SolutionProperties) = preSolution
		HideSolutionNode = FALSE
	EndGlobalSection
	GlobalSection(ExtensibilityGlobals) = postSolution
		SolutionGuid = {CB9B8CD9-FA04-4880-A0B2-82BE077B6FF2}
	EndGlobalSection
EndGlobal
